
Microsoft Visual Studio Solution File, Format Version 12.00
Project("{2150E333-8FDC-42A3-9474-1A3956D46DE8}") = "Db", "Db", "{A27ACB72-152C-4E91-B9F8-15DB6F1A1550}"
EndProject
Project("{2150E333-8FDC-42A3-9474-1A3956D46DE8}") = "Logic", "Logic", "{284C3748-1D58-4B52-B8CA-43781D07959C}"
EndProject
Project("{FAE04EC0-301F-11D3-BF4B-00C04F79EFBC}") = "Db.Connector", "Db\Db.Connector\Db.Connector.csproj", "{4C09DD4D-AC2C-4429-A3F9-3FAEE405A851}"
EndProject
Project("{FAE04EC0-301F-11D3-BF4B-00C04F79EFBC}") = "Db.Migrator", "Db\Db.Migrator\Db.Migrator.csproj", "{A258FE6F-1F52-4666-82B2-12AA5C510751}"
EndProject
Project("{FAE04EC0-301F-11D3-BF4B-00C04F79EFBC}") = "Logic.Client", "Logic\Logic.Client\Logic.Client.csproj", "{9C90D362-8938-46F6-9063-FB573C8D5EE0}"
EndProject
Project("{FAE04EC0-301F-11D3-BF4B-00C04F79EFBC}") = "Logic.Dto", "Logic\Logic.Dto\Logic.Dto.csproj", "{02260C0A-3AF3-4B26-9195-CC7F2F6D86EF}"
EndProject
Project("{FAE04EC0-301F-11D3-BF4B-00C04F79EFBC}") = "Logic.Proto", "Logic\Logic.Proto\Logic.Proto.csproj", "{0B580221-6DB6-48B9-956C-0886059B3BBC}"
EndProject
Project("{FAE04EC0-301F-11D3-BF4B-00C04F79EFBC}") = "Logic.Server", "Logic\Logic.Server\Logic.Server.csproj", "{4F94B447-E698-4E64-85F4-DD350F915150}"
EndProject
Project("{FAE04EC0-301F-11D3-BF4B-00C04F79EFBC}") = "Logic.Utils", "Logic\Logic.Utils\Logic.Utils.csproj", "{B43CE5A4-DC7F-4CF6-9EE1-F6AF13CE021D}"
EndProject
Global
	GlobalSection(SolutionConfigurationPlatforms) = preSolution
		Debug|Any CPU = Debug|Any CPU
		Release|Any CPU = Release|Any CPU
	EndGlobalSection
	GlobalSection(ProjectConfigurationPlatforms) = postSolution
		{4C09DD4D-AC2C-4429-A3F9-3FAEE405A851}.Debug|Any CPU.ActiveCfg = Debug|Any CPU
		{4C09DD4D-AC2C-4429-A3F9-3FAEE405A851}.Debug|Any CPU.Build.0 = Debug|Any CPU
		{4C09DD4D-AC2C-4429-A3F9-3FAEE405A851}.Release|Any CPU.ActiveCfg = Release|Any CPU
		{4C09DD4D-AC2C-4429-A3F9-3FAEE405A851}.Release|Any CPU.Build.0 = Release|Any CPU
		{A258FE6F-1F52-4666-82B2-12AA5C510751}.Debug|Any CPU.ActiveCfg = Debug|Any CPU
		{A258FE6F-1F52-4666-82B2-12AA5C510751}.Debug|Any CPU.Build.0 = Debug|Any CPU
		{A258FE6F-1F52-4666-82B2-12AA5C510751}.Release|Any CPU.ActiveCfg = Release|Any CPU
		{A258FE6F-1F52-4666-82B2-12AA5C510751}.Release|Any CPU.Build.0 = Release|Any CPU
		{9C90D362-8938-46F6-9063-FB573C8D5EE0}.Debug|Any CPU.ActiveCfg = Debug|Any CPU
		{9C90D362-8938-46F6-9063-FB573C8D5EE0}.Debug|Any CPU.Build.0 = Debug|Any CPU
		{9C90D362-8938-46F6-9063-FB573C8D5EE0}.Release|Any CPU.ActiveCfg = Release|Any CPU
		{9C90D362-8938-46F6-9063-FB573C8D5EE0}.Release|Any CPU.Build.0 = Release|Any CPU
		{02260C0A-3AF3-4B26-9195-CC7F2F6D86EF}.Debug|Any CPU.ActiveCfg = Debug|Any CPU
		{02260C0A-3AF3-4B26-9195-CC7F2F6D86EF}.Debug|Any CPU.Build.0 = Debug|Any CPU
		{02260C0A-3AF3-4B26-9195-CC7F2F6D86EF}.Release|Any CPU.ActiveCfg = Release|Any CPU
		{02260C0A-3AF3-4B26-9195-CC7F2F6D86EF}.Release|Any CPU.Build.0 = Release|Any CPU
		{0B580221-6DB6-48B9-956C-0886059B3BBC}.Debug|Any CPU.ActiveCfg = Debug|Any CPU
		{0B580221-6DB6-48B9-956C-0886059B3BBC}.Debug|Any CPU.Build.0 = Debug|Any CPU
		{0B580221-6DB6-48B9-956C-0886059B3BBC}.Release|Any CPU.ActiveCfg = Release|Any CPU
		{0B580221-6DB6-48B9-956C-0886059B3BBC}.Release|Any CPU.Build.0 = Release|Any CPU
		{4F94B447-E698-4E64-85F4-DD350F915150}.Debug|Any CPU.ActiveCfg = Debug|Any CPU
		{4F94B447-E698-4E64-85F4-DD350F915150}.Debug|Any CPU.Build.0 = Debug|Any CPU
		{4F94B447-E698-4E64-85F4-DD350F915150}.Release|Any CPU.ActiveCfg = Release|Any CPU
		{4F94B447-E698-4E64-85F4-DD350F915150}.Release|Any CPU.Build.0 = Release|Any CPU
		{B43CE5A4-DC7F-4CF6-9EE1-F6AF13CE021D}.Debug|Any CPU.ActiveCfg = Debug|Any CPU
		{B43CE5A4-DC7F-4CF6-9EE1-F6AF13CE021D}.Debug|Any CPU.Build.0 = Debug|Any CPU
		{B43CE5A4-DC7F-4CF6-9EE1-F6AF13CE021D}.Release|Any CPU.ActiveCfg = Release|Any CPU
		{B43CE5A4-DC7F-4CF6-9EE1-F6AF13CE021D}.Release|Any CPU.Build.0 = Release|Any CPU
	EndGlobalSection
	GlobalSection(NestedProjects) = preSolution
		{4C09DD4D-AC2C-4429-A3F9-3FAEE405A851} = {A27ACB72-152C-4E91-B9F8-15DB6F1A1550}
		{A258FE6F-1F52-4666-82B2-12AA5C510751} = {A27ACB72-152C-4E91-B9F8-15DB6F1A1550}
		{9C90D362-8938-46F6-9063-FB573C8D5EE0} = {284C3748-1D58-4B52-B8CA-43781D07959C}
		{02260C0A-3AF3-4B26-9195-CC7F2F6D86EF} = {284C3748-1D58-4B52-B8CA-43781D07959C}
		{0B580221-6DB6-48B9-956C-0886059B3BBC} = {284C3748-1D58-4B52-B8CA-43781D07959C}
		{4F94B447-E698-4E64-85F4-DD350F915150} = {284C3748-1D58-4B52-B8CA-43781D07959C}
		{B43CE5A4-DC7F-4CF6-9EE1-F6AF13CE021D} = {284C3748-1D58-4B52-B8CA-43781D07959C}
	EndGlobalSection
EndGlobal
