
Microsoft Visual Studio Solution File, Format Version 12.00
Project("{FAE04EC0-301F-11D3-BF4B-00C04F79EFBC}") = "LogicServer", "LogicServer\LogicServer.csproj", "{94084264-0BF0-4905-8BF4-06BC5F43E891}"
EndProject
Project("{FAE04EC0-301F-11D3-BF4B-00C04F79EFBC}") = "LogicClient", "LogicClient\LogicClient.csproj", "{B5FBF413-EEFE-483B-BFA6-57B37B47E8B2}"
EndProject
Project("{FAE04EC0-301F-11D3-BF4B-00C04F79EFBC}") = "DbMigrator", "DbMigrator\DbMigrator.csproj", "{F063ACFD-4BD0-4E12-8743-C304EC559EAA}"
EndProject
Project("{FAE04EC0-301F-11D3-BF4B-00C04F79EFBC}") = "DbConnector", "DbConnector\DbConnector.csproj", "{656E89B9-576D-4A58-87C0-E1722D2A5192}"
EndProject
Project("{FAE04EC0-301F-11D3-BF4B-00C04F79EFBC}") = "Logic.Dto", "Logic.Dto\Logic.Dto.csproj", "{CEF6C663-B83C-43B7-A517-48FC050FF4B4}"
EndProject
Global
	GlobalSection(SolutionConfigurationPlatforms) = preSolution
		Debug|Any CPU = Debug|Any CPU
		Release|Any CPU = Release|Any CPU
	EndGlobalSection
	GlobalSection(ProjectConfigurationPlatforms) = postSolution
		{94084264-0BF0-4905-8BF4-06BC5F43E891}.Debug|Any CPU.ActiveCfg = Debug|Any CPU
		{94084264-0BF0-4905-8BF4-06BC5F43E891}.Debug|Any CPU.Build.0 = Debug|Any CPU
		{94084264-0BF0-4905-8BF4-06BC5F43E891}.Release|Any CPU.ActiveCfg = Release|Any CPU
		{94084264-0BF0-4905-8BF4-06BC5F43E891}.Release|Any CPU.Build.0 = Release|Any CPU
		{B5FBF413-EEFE-483B-BFA6-57B37B47E8B2}.Debug|Any CPU.ActiveCfg = Debug|Any CPU
		{B5FBF413-EEFE-483B-BFA6-57B37B47E8B2}.Debug|Any CPU.Build.0 = Debug|Any CPU
		{B5FBF413-EEFE-483B-BFA6-57B37B47E8B2}.Release|Any CPU.ActiveCfg = Release|Any CPU
		{B5FBF413-EEFE-483B-BFA6-57B37B47E8B2}.Release|Any CPU.Build.0 = Release|Any CPU
		{F063ACFD-4BD0-4E12-8743-C304EC559EAA}.Debug|Any CPU.ActiveCfg = Debug|Any CPU
		{F063ACFD-4BD0-4E12-8743-C304EC559EAA}.Debug|Any CPU.Build.0 = Debug|Any CPU
		{F063ACFD-4BD0-4E12-8743-C304EC559EAA}.Release|Any CPU.ActiveCfg = Release|Any CPU
		{F063ACFD-4BD0-4E12-8743-C304EC559EAA}.Release|Any CPU.Build.0 = Release|Any CPU
		{656E89B9-576D-4A58-87C0-E1722D2A5192}.Debug|Any CPU.ActiveCfg = Debug|Any CPU
		{656E89B9-576D-4A58-87C0-E1722D2A5192}.Debug|Any CPU.Build.0 = Debug|Any CPU
		{656E89B9-576D-4A58-87C0-E1722D2A5192}.Release|Any CPU.ActiveCfg = Release|Any CPU
		{656E89B9-576D-4A58-87C0-E1722D2A5192}.Release|Any CPU.Build.0 = Release|Any CPU
		{CEF6C663-B83C-43B7-A517-48FC050FF4B4}.Debug|Any CPU.ActiveCfg = Debug|Any CPU
		{CEF6C663-B83C-43B7-A517-48FC050FF4B4}.Debug|Any CPU.Build.0 = Debug|Any CPU
		{CEF6C663-B83C-43B7-A517-48FC050FF4B4}.Release|Any CPU.ActiveCfg = Release|Any CPU
		{CEF6C663-B83C-43B7-A517-48FC050FF4B4}.Release|Any CPU.Build.0 = Release|Any CPU
	EndGlobalSection
EndGlobal
